
Microsoft Visual Studio Solution File, Format Version 12.00
Project("{2150E333-8FDC-42A3-9474-1A3956D46DE8}") = "Source", "Source", "{4E52B8BA-1257-40CC-9B5C-958BC745B35D}"
EndProject
Project("{FAE04EC0-301F-11D3-BF4B-00C04F79EFBC}") = "DsaLearning", "DsaLearning\DsaLearning.csproj", "{50CB2300-E643-4844-9727-C1A713B6EAF7}"
EndProject
Global
	GlobalSection(SolutionConfigurationPlatforms) = preSolution
		Debug|Any CPU = Debug|Any CPU
		Release|Any CPU = Release|Any CPU
	EndGlobalSection
	GlobalSection(NestedProjects) = preSolution
		{50CB2300-E643-4844-9727-C1A713B6EAF7} = {4E52B8BA-1257-40CC-9B5C-958BC745B35D}
	EndGlobalSection
	GlobalSection(ProjectConfigurationPlatforms) = postSolution
		{50CB2300-E643-4844-9727-C1A713B6EAF7}.Debug|Any CPU.ActiveCfg = Debug|Any CPU
		{50CB2300-E643-4844-9727-C1A713B6EAF7}.Debug|Any CPU.Build.0 = Debug|Any CPU
		{50CB2300-E643-4844-9727-C1A713B6EAF7}.Release|Any CPU.ActiveCfg = Release|Any CPU
		{50CB2300-E643-4844-9727-C1A713B6EAF7}.Release|Any CPU.Build.0 = Release|Any CPU
	EndGlobalSection
EndGlobal
